
Microsoft Visual Studio Solution File, Format Version 12.00
# Visual Studio Version 17
VisualStudioVersion = 17.14.36212.18
MinimumVisualStudioVersion = 10.0.40219.1
Project("{FAE04EC0-301F-11D3-BF4B-00C04F79EFBC}") = "Task2_2", "Task2_2\Task2_2.csproj", "{1340982E-ED2F-48BF-A4F9-F750959E7063}"
EndProject
Project("{FAE04EC0-301F-11D3-BF4B-00C04F79EFBC}") = "Task2_3", "Task2_3\Task2_3.csproj", "{C4FF03F3-6F40-4D70-A6C4-19F3C8374582}"
EndProject
Project("{FAE04EC0-301F-11D3-BF4B-00C04F79EFBC}") = "Task2_4", "Task2_4\Task2_4.csproj", "{15AE0F6E-2254-46D9-A075-CF5D8EB626BB}"
EndProject
Project("{FAE04EC0-301F-11D3-BF4B-00C04F79EFBC}") = "Task2_1", "Task2_1\Task2_1.csproj", "{9D13AC91-AB43-4AD4-BB79-3C801B307F05}"
EndProject
Project("{FAE04EC0-301F-11D3-BF4B-00C04F79EFBC}") = "Task2_5", "Task2_5\Task2_5.csproj", "{086D8ED0-9527-40E9-9B6A-4586531255F0}"
EndProject
Project("{FAE04EC0-301F-11D3-BF4B-00C04F79EFBC}") = "Task2_6", "Task2_6\Task2_6.csproj", "{CA2BFC2C-4CBA-429F-BD85-07EB1487A87F}"
EndProject
Project("{FAE04EC0-301F-11D3-BF4B-00C04F79EFBC}") = "ClassWork3_1", "ClassWork3_1\ClassWork3_1.csproj", "{E8FE7806-4273-47EF-809F-6648D6591E05}"
EndProject
Project("{FAE04EC0-301F-11D3-BF4B-00C04F79EFBC}") = "ClassWokr3_2", "ClassWokr3_2\ClassWokr3_2.csproj", "{76B7883A-F64F-4E2B-86BA-7D40242857FF}"
EndProject
Project("{FAE04EC0-301F-11D3-BF4B-00C04F79EFBC}") = "ClassWork3_3", "ClassWork3_3\ClassWork3_3.csproj", "{7E3D5B73-4C71-4628-9AC0-53CCD990A31A}"
EndProject
Project("{FAE04EC0-301F-11D3-BF4B-00C04F79EFBC}") = "Task3_01", "Task3_1\Task3_01.csproj", "{3F32162E-B3C9-4B50-B4E3-E732B9621ACB}"
EndProject
Project("{FAE04EC0-301F-11D3-BF4B-00C04F79EFBC}") = "Task3_02", "Task3_2\Task3_02.csproj", "{6C434947-A394-43A7-B900-C627B03A6D67}"
EndProject
Project("{FAE04EC0-301F-11D3-BF4B-00C04F79EFBC}") = "Task3_03", "Task3_3\Task3_03.csproj", "{26477841-F16D-4FD5-87B3-37B0AE602C85}"
EndProject
Project("{FAE04EC0-301F-11D3-BF4B-00C04F79EFBC}") = "Task3_04", "Task3_04\Task3_04.csproj", "{6AF6780C-FECA-4BAD-BAB9-D3AE85D4A87B}"
EndProject
Project("{FAE04EC0-301F-11D3-BF4B-00C04F79EFBC}") = "Task3_05", "Task3_05\Task3_05.csproj", "{BDF3917B-CF0A-4D13-9A17-5B2A0FA40F87}"
EndProject
Project("{FAE04EC0-301F-11D3-BF4B-00C04F79EFBC}") = "Task3_06", "Task3_06\Task3_06.csproj", "{5907BB09-9FD1-4F88-9A2F-A0C9BB732246}"
EndProject
Project("{FAE04EC0-301F-11D3-BF4B-00C04F79EFBC}") = "Task3_07", "Task3_07\Task3_07.csproj", "{EADD4E7F-97CF-4543-B0E0-FDE536CEB223}"
EndProject
Project("{FAE04EC0-301F-11D3-BF4B-00C04F79EFBC}") = "Task3_08", "Task3_08\Task3_08.csproj", "{BC488C57-77F2-4F36-9956-673C960F30DE}"
EndProject
Project("{FAE04EC0-301F-11D3-BF4B-00C04F79EFBC}") = "Task3_09", "Task3_09\Task3_09.csproj", "{3E856410-EFD9-4538-AC02-DB5692F94405}"
EndProject
Project("{FAE04EC0-301F-11D3-BF4B-00C04F79EFBC}") = "Task3_10", "Task3_10\Task3_10.csproj", "{AF668766-A39C-4DB0-9AAD-0702568CADFD}"
EndProject
Project("{FAE04EC0-301F-11D3-BF4B-00C04F79EFBC}") = "Task3_11", "Task3_11\Task3_11.csproj", "{0BFAD97F-7BF2-4C77-9B0E-B076EF775A36}"
EndProject
Project("{FAE04EC0-301F-11D3-BF4B-00C04F79EFBC}") = "Task3_12", "Task3_12\Task3_12.csproj", "{8CC28669-D430-4671-9CB4-FF95201BF610}"
EndProject
Project("{FAE04EC0-301F-11D3-BF4B-00C04F79EFBC}") = "ClassWork4_1", "ClassWork4_1\ClassWork4_1.csproj", "{A59EC85F-AF1F-44C6-BDB9-7633A498A1E6}"
EndProject
Project("{FAE04EC0-301F-11D3-BF4B-00C04F79EFBC}") = "Task 4_1", "Task 4_1\Task 4_1.csproj", "{C66978B7-4458-4D3D-9BFC-17D9138C19A9}"
EndProject
Project("{FAE04EC0-301F-11D3-BF4B-00C04F79EFBC}") = "Task 4_2", "Task 4_2\Task 4_2.csproj", "{D74E2193-4951-4156-82BC-C9F661E3529B}"
EndProject
Project("{FAE04EC0-301F-11D3-BF4B-00C04F79EFBC}") = "Task 4_3", "Task 4_3\Task 4_3.csproj", "{E9C37BE1-74AA-44DE-A098-B52F41E51D02}"
EndProject
Project("{FAE04EC0-301F-11D3-BF4B-00C04F79EFBC}") = "Task 4_4", "Task 4_4\Task 4_4.csproj", "{DEAF47A5-A75D-4386-9A6B-C690FFF68B3E}"
EndProject
Project("{FAE04EC0-301F-11D3-BF4B-00C04F79EFBC}") = "Task 4_5", "Task 4_5\Task 4_5.csproj", "{2DE27CEB-177D-41BD-9FB2-8AF3857F3CB9}"
EndProject
Project("{FAE04EC0-301F-11D3-BF4B-00C04F79EFBC}") = "Task 4_6", "Task 4_6\Task 4_6.csproj", "{D1B09DF1-9A56-42EF-AB02-1170646FC419}"
EndProject
Project("{FAE04EC0-301F-11D3-BF4B-00C04F79EFBC}") = "Task 4_7", "Task 4_7\Task 4_7.csproj", "{43617254-0BF9-467E-82CE-9FFD5CEC1301}"
EndProject
Project("{FAE04EC0-301F-11D3-BF4B-00C04F79EFBC}") = "Task 4_8", "Task 4_8\Task 4_8.csproj", "{1FE6E798-B3F2-439B-B16A-62FCDE899530}"
EndProject
Project("{FAE04EC0-301F-11D3-BF4B-00C04F79EFBC}") = "Classwork 5_1", "Classwork 5_1\Classwork 5_1.csproj", "{92CCA186-E95C-4245-BDB5-416FC6AB3592}"
EndProject
Project("{FAE04EC0-301F-11D3-BF4B-00C04F79EFBC}") = "ClassWork 5_2", "ClassWork 5_2\ClassWork 5_2.csproj", "{3E7B55BD-003B-43D4-9CF9-B4E9EE8963A6}"
EndProject
Project("{FAE04EC0-301F-11D3-BF4B-00C04F79EFBC}") = "ClassWork 5_3", "ClassWork 5_3\ClassWork 5_3.csproj", "{193A77AA-BAB5-48AF-B5F4-CC1087958648}"
EndProject
Project("{FAE04EC0-301F-11D3-BF4B-00C04F79EFBC}") = "ClassWork 5_4", "ClassWork 5_4\ClassWork 5_4.csproj", "{9EFA3F12-B34B-4779-A738-950B5FCF5060}"
EndProject
Project("{FAE04EC0-301F-11D3-BF4B-00C04F79EFBC}") = "Task 5_1", "Task 5_1\Task 5_1.csproj", "{CC9E4421-0889-4C64-A698-C31EA3D4CD97}"
EndProject
Project("{FAE04EC0-301F-11D3-BF4B-00C04F79EFBC}") = "Task 5_2", "Task 5_2\Task 5_2.csproj", "{D43CC23F-A6F5-411E-939A-0FAF02EF1198}"
EndProject
Project("{FAE04EC0-301F-11D3-BF4B-00C04F79EFBC}") = "Task 5_3", "Task 5_3\Task 5_3.csproj", "{0A748986-CFCE-4D39-BDC9-4A318C5C10E2}"
EndProject
Project("{FAE04EC0-301F-11D3-BF4B-00C04F79EFBC}") = "Task 5_4", "Task 5_4\Task 5_4.csproj", "{11272D5C-338E-46AB-89C9-E86536989FED}"
EndProject
Project("{FAE04EC0-301F-11D3-BF4B-00C04F79EFBC}") = "Task 5_5", "Task 5_5\Task 5_5.csproj", "{10734DC9-80A8-45D6-8B6A-ACF8D3393DC7}"
EndProject
Project("{FAE04EC0-301F-11D3-BF4B-00C04F79EFBC}") = "Task 5_6", "Task 5_6\Task 5_6.csproj", "{DDADDFAB-ADB7-43FE-9B85-20510AD921CB}"
EndProject
Project("{FAE04EC0-301F-11D3-BF4B-00C04F79EFBC}") = "Task 5_7", "Task 5_7\Task 5_7.csproj", "{423B863C-AB48-4251-B43D-0112AC33E78A}"
EndProject
Project("{FAE04EC0-301F-11D3-BF4B-00C04F79EFBC}") = "Task 5_8", "Task 5_8\Task 5_8.csproj", "{40F7DD21-AD4C-41A8-BA1A-472398FE59EA}"
EndProject
Project("{FAE04EC0-301F-11D3-BF4B-00C04F79EFBC}") = "Task 5_9", "Task 5_9\Task 5_9.csproj", "{FBD7D5C7-C82F-44A3-A296-1A28630ECBC3}"
EndProject
Project("{FAE04EC0-301F-11D3-BF4B-00C04F79EFBC}") = "Task 5_10", "Task 5_10\Task 5_10.csproj", "{10799944-A18C-46F5-8CF2-2BBB9A51D65B}"
EndProject
Project("{FAE04EC0-301F-11D3-BF4B-00C04F79EFBC}") = "ClassWork 6_1", "ClassWork 6_1\ClassWork 6_1.csproj", "{540D2371-5E47-4138-8FCB-5247C1D4D793}"
EndProject
Global
	GlobalSection(SolutionConfigurationPlatforms) = preSolution
		Debug|Any CPU = Debug|Any CPU
		Release|Any CPU = Release|Any CPU
	EndGlobalSection
	GlobalSection(ProjectConfigurationPlatforms) = postSolution
		{1340982E-ED2F-48BF-A4F9-F750959E7063}.Debug|Any CPU.ActiveCfg = Debug|Any CPU
		{1340982E-ED2F-48BF-A4F9-F750959E7063}.Debug|Any CPU.Build.0 = Debug|Any CPU
		{1340982E-ED2F-48BF-A4F9-F750959E7063}.Release|Any CPU.ActiveCfg = Release|Any CPU
		{1340982E-ED2F-48BF-A4F9-F750959E7063}.Release|Any CPU.Build.0 = Release|Any CPU
		{C4FF03F3-6F40-4D70-A6C4-19F3C8374582}.Debug|Any CPU.ActiveCfg = Debug|Any CPU
		{C4FF03F3-6F40-4D70-A6C4-19F3C8374582}.Debug|Any CPU.Build.0 = Debug|Any CPU
		{C4FF03F3-6F40-4D70-A6C4-19F3C8374582}.Release|Any CPU.ActiveCfg = Release|Any CPU
		{C4FF03F3-6F40-4D70-A6C4-19F3C8374582}.Release|Any CPU.Build.0 = Release|Any CPU
		{15AE0F6E-2254-46D9-A075-CF5D8EB626BB}.Debug|Any CPU.ActiveCfg = Debug|Any CPU
		{15AE0F6E-2254-46D9-A075-CF5D8EB626BB}.Debug|Any CPU.Build.0 = Debug|Any CPU
		{15AE0F6E-2254-46D9-A075-CF5D8EB626BB}.Release|Any CPU.ActiveCfg = Release|Any CPU
		{15AE0F6E-2254-46D9-A075-CF5D8EB626BB}.Release|Any CPU.Build.0 = Release|Any CPU
		{9D13AC91-AB43-4AD4-BB79-3C801B307F05}.Debug|Any CPU.ActiveCfg = Debug|Any CPU
		{9D13AC91-AB43-4AD4-BB79-3C801B307F05}.Debug|Any CPU.Build.0 = Debug|Any CPU
		{9D13AC91-AB43-4AD4-BB79-3C801B307F05}.Release|Any CPU.ActiveCfg = Release|Any CPU
		{9D13AC91-AB43-4AD4-BB79-3C801B307F05}.Release|Any CPU.Build.0 = Release|Any CPU
		{086D8ED0-9527-40E9-9B6A-4586531255F0}.Debug|Any CPU.ActiveCfg = Debug|Any CPU
		{086D8ED0-9527-40E9-9B6A-4586531255F0}.Debug|Any CPU.Build.0 = Debug|Any CPU
		{086D8ED0-9527-40E9-9B6A-4586531255F0}.Release|Any CPU.ActiveCfg = Release|Any CPU
		{086D8ED0-9527-40E9-9B6A-4586531255F0}.Release|Any CPU.Build.0 = Release|Any CPU
		{CA2BFC2C-4CBA-429F-BD85-07EB1487A87F}.Debug|Any CPU.ActiveCfg = Debug|Any CPU
		{CA2BFC2C-4CBA-429F-BD85-07EB1487A87F}.Debug|Any CPU.Build.0 = Debug|Any CPU
		{CA2BFC2C-4CBA-429F-BD85-07EB1487A87F}.Release|Any CPU.ActiveCfg = Release|Any CPU
		{CA2BFC2C-4CBA-429F-BD85-07EB1487A87F}.Release|Any CPU.Build.0 = Release|Any CPU
		{E8FE7806-4273-47EF-809F-6648D6591E05}.Debug|Any CPU.ActiveCfg = Debug|Any CPU
		{E8FE7806-4273-47EF-809F-6648D6591E05}.Debug|Any CPU.Build.0 = Debug|Any CPU
		{E8FE7806-4273-47EF-809F-6648D6591E05}.Release|Any CPU.ActiveCfg = Release|Any CPU
		{E8FE7806-4273-47EF-809F-6648D6591E05}.Release|Any CPU.Build.0 = Release|Any CPU
		{76B7883A-F64F-4E2B-86BA-7D40242857FF}.Debug|Any CPU.ActiveCfg = Debug|Any CPU
		{76B7883A-F64F-4E2B-86BA-7D40242857FF}.Debug|Any CPU.Build.0 = Debug|Any CPU
		{76B7883A-F64F-4E2B-86BA-7D40242857FF}.Release|Any CPU.ActiveCfg = Release|Any CPU
		{76B7883A-F64F-4E2B-86BA-7D40242857FF}.Release|Any CPU.Build.0 = Release|Any CPU
		{7E3D5B73-4C71-4628-9AC0-53CCD990A31A}.Debug|Any CPU.ActiveCfg = Debug|Any CPU
		{7E3D5B73-4C71-4628-9AC0-53CCD990A31A}.Debug|Any CPU.Build.0 = Debug|Any CPU
		{7E3D5B73-4C71-4628-9AC0-53CCD990A31A}.Release|Any CPU.ActiveCfg = Release|Any CPU
		{7E3D5B73-4C71-4628-9AC0-53CCD990A31A}.Release|Any CPU.Build.0 = Release|Any CPU
		{3F32162E-B3C9-4B50-B4E3-E732B9621ACB}.Debug|Any CPU.ActiveCfg = Debug|Any CPU
		{3F32162E-B3C9-4B50-B4E3-E732B9621ACB}.Debug|Any CPU.Build.0 = Debug|Any CPU
		{3F32162E-B3C9-4B50-B4E3-E732B9621ACB}.Release|Any CPU.ActiveCfg = Release|Any CPU
		{3F32162E-B3C9-4B50-B4E3-E732B9621ACB}.Release|Any CPU.Build.0 = Release|Any CPU
		{6C434947-A394-43A7-B900-C627B03A6D67}.Debug|Any CPU.ActiveCfg = Debug|Any CPU
		{6C434947-A394-43A7-B900-C627B03A6D67}.Debug|Any CPU.Build.0 = Debug|Any CPU
		{6C434947-A394-43A7-B900-C627B03A6D67}.Release|Any CPU.ActiveCfg = Release|Any CPU
		{6C434947-A394-43A7-B900-C627B03A6D67}.Release|Any CPU.Build.0 = Release|Any CPU
		{26477841-F16D-4FD5-87B3-37B0AE602C85}.Debug|Any CPU.ActiveCfg = Debug|Any CPU
		{26477841-F16D-4FD5-87B3-37B0AE602C85}.Debug|Any CPU.Build.0 = Debug|Any CPU
		{26477841-F16D-4FD5-87B3-37B0AE602C85}.Release|Any CPU.ActiveCfg = Release|Any CPU
		{26477841-F16D-4FD5-87B3-37B0AE602C85}.Release|Any CPU.Build.0 = Release|Any CPU
		{6AF6780C-FECA-4BAD-BAB9-D3AE85D4A87B}.Debug|Any CPU.ActiveCfg = Debug|Any CPU
		{6AF6780C-FECA-4BAD-BAB9-D3AE85D4A87B}.Debug|Any CPU.Build.0 = Debug|Any CPU
		{6AF6780C-FECA-4BAD-BAB9-D3AE85D4A87B}.Release|Any CPU.ActiveCfg = Release|Any CPU
		{6AF6780C-FECA-4BAD-BAB9-D3AE85D4A87B}.Release|Any CPU.Build.0 = Release|Any CPU
		{BDF3917B-CF0A-4D13-9A17-5B2A0FA40F87}.Debug|Any CPU.ActiveCfg = Debug|Any CPU
		{BDF3917B-CF0A-4D13-9A17-5B2A0FA40F87}.Debug|Any CPU.Build.0 = Debug|Any CPU
		{BDF3917B-CF0A-4D13-9A17-5B2A0FA40F87}.Release|Any CPU.ActiveCfg = Release|Any CPU
		{BDF3917B-CF0A-4D13-9A17-5B2A0FA40F87}.Release|Any CPU.Build.0 = Release|Any CPU
		{5907BB09-9FD1-4F88-9A2F-A0C9BB732246}.Debug|Any CPU.ActiveCfg = Debug|Any CPU
		{5907BB09-9FD1-4F88-9A2F-A0C9BB732246}.Debug|Any CPU.Build.0 = Debug|Any CPU
		{5907BB09-9FD1-4F88-9A2F-A0C9BB732246}.Release|Any CPU.ActiveCfg = Release|Any CPU
		{5907BB09-9FD1-4F88-9A2F-A0C9BB732246}.Release|Any CPU.Build.0 = Release|Any CPU
		{EADD4E7F-97CF-4543-B0E0-FDE536CEB223}.Debug|Any CPU.ActiveCfg = Debug|Any CPU
		{EADD4E7F-97CF-4543-B0E0-FDE536CEB223}.Debug|Any CPU.Build.0 = Debug|Any CPU
		{EADD4E7F-97CF-4543-B0E0-FDE536CEB223}.Release|Any CPU.ActiveCfg = Release|Any CPU
		{EADD4E7F-97CF-4543-B0E0-FDE536CEB223}.Release|Any CPU.Build.0 = Release|Any CPU
		{BC488C57-77F2-4F36-9956-673C960F30DE}.Debug|Any CPU.ActiveCfg = Debug|Any CPU
		{BC488C57-77F2-4F36-9956-673C960F30DE}.Debug|Any CPU.Build.0 = Debug|Any CPU
		{BC488C57-77F2-4F36-9956-673C960F30DE}.Release|Any CPU.ActiveCfg = Release|Any CPU
		{BC488C57-77F2-4F36-9956-673C960F30DE}.Release|Any CPU.Build.0 = Release|Any CPU
		{3E856410-EFD9-4538-AC02-DB5692F94405}.Debug|Any CPU.ActiveCfg = Debug|Any CPU
		{3E856410-EFD9-4538-AC02-DB5692F94405}.Debug|Any CPU.Build.0 = Debug|Any CPU
		{3E856410-EFD9-4538-AC02-DB5692F94405}.Release|Any CPU.ActiveCfg = Release|Any CPU
		{3E856410-EFD9-4538-AC02-DB5692F94405}.Release|Any CPU.Build.0 = Release|Any CPU
		{AF668766-A39C-4DB0-9AAD-0702568CADFD}.Debug|Any CPU.ActiveCfg = Debug|Any CPU
		{AF668766-A39C-4DB0-9AAD-0702568CADFD}.Debug|Any CPU.Build.0 = Debug|Any CPU
		{AF668766-A39C-4DB0-9AAD-0702568CADFD}.Release|Any CPU.ActiveCfg = Release|Any CPU
		{AF668766-A39C-4DB0-9AAD-0702568CADFD}.Release|Any CPU.Build.0 = Release|Any CPU
		{0BFAD97F-7BF2-4C77-9B0E-B076EF775A36}.Debug|Any CPU.ActiveCfg = Debug|Any CPU
		{0BFAD97F-7BF2-4C77-9B0E-B076EF775A36}.Debug|Any CPU.Build.0 = Debug|Any CPU
		{0BFAD97F-7BF2-4C77-9B0E-B076EF775A36}.Release|Any CPU.ActiveCfg = Release|Any CPU
		{0BFAD97F-7BF2-4C77-9B0E-B076EF775A36}.Release|Any CPU.Build.0 = Release|Any CPU
		{8CC28669-D430-4671-9CB4-FF95201BF610}.Debug|Any CPU.ActiveCfg = Debug|Any CPU
		{8CC28669-D430-4671-9CB4-FF95201BF610}.Debug|Any CPU.Build.0 = Debug|Any CPU
		{8CC28669-D430-4671-9CB4-FF95201BF610}.Release|Any CPU.ActiveCfg = Release|Any CPU
		{8CC28669-D430-4671-9CB4-FF95201BF610}.Release|Any CPU.Build.0 = Release|Any CPU
		{A59EC85F-AF1F-44C6-BDB9-7633A498A1E6}.Debug|Any CPU.ActiveCfg = Debug|Any CPU
		{A59EC85F-AF1F-44C6-BDB9-7633A498A1E6}.Debug|Any CPU.Build.0 = Debug|Any CPU
		{A59EC85F-AF1F-44C6-BDB9-7633A498A1E6}.Release|Any CPU.ActiveCfg = Release|Any CPU
		{A59EC85F-AF1F-44C6-BDB9-7633A498A1E6}.Release|Any CPU.Build.0 = Release|Any CPU
		{C66978B7-4458-4D3D-9BFC-17D9138C19A9}.Debug|Any CPU.ActiveCfg = Debug|Any CPU
		{C66978B7-4458-4D3D-9BFC-17D9138C19A9}.Debug|Any CPU.Build.0 = Debug|Any CPU
		{C66978B7-4458-4D3D-9BFC-17D9138C19A9}.Release|Any CPU.ActiveCfg = Release|Any CPU
		{C66978B7-4458-4D3D-9BFC-17D9138C19A9}.Release|Any CPU.Build.0 = Release|Any CPU
		{D74E2193-4951-4156-82BC-C9F661E3529B}.Debug|Any CPU.ActiveCfg = Debug|Any CPU
		{D74E2193-4951-4156-82BC-C9F661E3529B}.Debug|Any CPU.Build.0 = Debug|Any CPU
		{D74E2193-4951-4156-82BC-C9F661E3529B}.Release|Any CPU.ActiveCfg = Release|Any CPU
		{D74E2193-4951-4156-82BC-C9F661E3529B}.Release|Any CPU.Build.0 = Release|Any CPU
		{E9C37BE1-74AA-44DE-A098-B52F41E51D02}.Debug|Any CPU.ActiveCfg = Debug|Any CPU
		{E9C37BE1-74AA-44DE-A098-B52F41E51D02}.Debug|Any CPU.Build.0 = Debug|Any CPU
		{E9C37BE1-74AA-44DE-A098-B52F41E51D02}.Release|Any CPU.ActiveCfg = Release|Any CPU
		{E9C37BE1-74AA-44DE-A098-B52F41E51D02}.Release|Any CPU.Build.0 = Release|Any CPU
		{DEAF47A5-A75D-4386-9A6B-C690FFF68B3E}.Debug|Any CPU.ActiveCfg = Debug|Any CPU
		{DEAF47A5-A75D-4386-9A6B-C690FFF68B3E}.Debug|Any CPU.Build.0 = Debug|Any CPU
		{DEAF47A5-A75D-4386-9A6B-C690FFF68B3E}.Release|Any CPU.ActiveCfg = Release|Any CPU
		{DEAF47A5-A75D-4386-9A6B-C690FFF68B3E}.Release|Any CPU.Build.0 = Release|Any CPU
		{2DE27CEB-177D-41BD-9FB2-8AF3857F3CB9}.Debug|Any CPU.ActiveCfg = Debug|Any CPU
		{2DE27CEB-177D-41BD-9FB2-8AF3857F3CB9}.Debug|Any CPU.Build.0 = Debug|Any CPU
		{2DE27CEB-177D-41BD-9FB2-8AF3857F3CB9}.Release|Any CPU.ActiveCfg = Release|Any CPU
		{2DE27CEB-177D-41BD-9FB2-8AF3857F3CB9}.Release|Any CPU.Build.0 = Release|Any CPU
		{D1B09DF1-9A56-42EF-AB02-1170646FC419}.Debug|Any CPU.ActiveCfg = Debug|Any CPU
		{D1B09DF1-9A56-42EF-AB02-1170646FC419}.Debug|Any CPU.Build.0 = Debug|Any CPU
		{D1B09DF1-9A56-42EF-AB02-1170646FC419}.Release|Any CPU.ActiveCfg = Release|Any CPU
		{D1B09DF1-9A56-42EF-AB02-1170646FC419}.Release|Any CPU.Build.0 = Release|Any CPU
		{43617254-0BF9-467E-82CE-9FFD5CEC1301}.Debug|Any CPU.ActiveCfg = Debug|Any CPU
		{43617254-0BF9-467E-82CE-9FFD5CEC1301}.Debug|Any CPU.Build.0 = Debug|Any CPU
		{43617254-0BF9-467E-82CE-9FFD5CEC1301}.Release|Any CPU.ActiveCfg = Release|Any CPU
		{43617254-0BF9-467E-82CE-9FFD5CEC1301}.Release|Any CPU.Build.0 = Release|Any CPU
		{1FE6E798-B3F2-439B-B16A-62FCDE899530}.Debug|Any CPU.ActiveCfg = Debug|Any CPU
		{1FE6E798-B3F2-439B-B16A-62FCDE899530}.Debug|Any CPU.Build.0 = Debug|Any CPU
		{1FE6E798-B3F2-439B-B16A-62FCDE899530}.Release|Any CPU.ActiveCfg = Release|Any CPU
		{1FE6E798-B3F2-439B-B16A-62FCDE899530}.Release|Any CPU.Build.0 = Release|Any CPU
		{92CCA186-E95C-4245-BDB5-416FC6AB3592}.Debug|Any CPU.ActiveCfg = Debug|Any CPU
		{92CCA186-E95C-4245-BDB5-416FC6AB3592}.Debug|Any CPU.Build.0 = Debug|Any CPU
		{92CCA186-E95C-4245-BDB5-416FC6AB3592}.Release|Any CPU.ActiveCfg = Release|Any CPU
		{92CCA186-E95C-4245-BDB5-416FC6AB3592}.Release|Any CPU.Build.0 = Release|Any CPU
		{3E7B55BD-003B-43D4-9CF9-B4E9EE8963A6}.Debug|Any CPU.ActiveCfg = Debug|Any CPU
		{3E7B55BD-003B-43D4-9CF9-B4E9EE8963A6}.Debug|Any CPU.Build.0 = Debug|Any CPU
		{3E7B55BD-003B-43D4-9CF9-B4E9EE8963A6}.Release|Any CPU.ActiveCfg = Release|Any CPU
		{3E7B55BD-003B-43D4-9CF9-B4E9EE8963A6}.Release|Any CPU.Build.0 = Release|Any CPU
		{193A77AA-BAB5-48AF-B5F4-CC1087958648}.Debug|Any CPU.ActiveCfg = Debug|Any CPU
		{193A77AA-BAB5-48AF-B5F4-CC1087958648}.Debug|Any CPU.Build.0 = Debug|Any CPU
		{193A77AA-BAB5-48AF-B5F4-CC1087958648}.Release|Any CPU.ActiveCfg = Release|Any CPU
		{193A77AA-BAB5-48AF-B5F4-CC1087958648}.Release|Any CPU.Build.0 = Release|Any CPU
		{9EFA3F12-B34B-4779-A738-950B5FCF5060}.Debug|Any CPU.ActiveCfg = Debug|Any CPU
		{9EFA3F12-B34B-4779-A738-950B5FCF5060}.Debug|Any CPU.Build.0 = Debug|Any CPU
		{9EFA3F12-B34B-4779-A738-950B5FCF5060}.Release|Any CPU.ActiveCfg = Release|Any CPU
		{9EFA3F12-B34B-4779-A738-950B5FCF5060}.Release|Any CPU.Build.0 = Release|Any CPU
		{CC9E4421-0889-4C64-A698-C31EA3D4CD97}.Debug|Any CPU.ActiveCfg = Debug|Any CPU
		{CC9E4421-0889-4C64-A698-C31EA3D4CD97}.Debug|Any CPU.Build.0 = Debug|Any CPU
		{CC9E4421-0889-4C64-A698-C31EA3D4CD97}.Release|Any CPU.ActiveCfg = Release|Any CPU
		{CC9E4421-0889-4C64-A698-C31EA3D4CD97}.Release|Any CPU.Build.0 = Release|Any CPU
		{D43CC23F-A6F5-411E-939A-0FAF02EF1198}.Debug|Any CPU.ActiveCfg = Debug|Any CPU
		{D43CC23F-A6F5-411E-939A-0FAF02EF1198}.Debug|Any CPU.Build.0 = Debug|Any CPU
		{D43CC23F-A6F5-411E-939A-0FAF02EF1198}.Release|Any CPU.ActiveCfg = Release|Any CPU
		{D43CC23F-A6F5-411E-939A-0FAF02EF1198}.Release|Any CPU.Build.0 = Release|Any CPU
		{0A748986-CFCE-4D39-BDC9-4A318C5C10E2}.Debug|Any CPU.ActiveCfg = Debug|Any CPU
		{0A748986-CFCE-4D39-BDC9-4A318C5C10E2}.Debug|Any CPU.Build.0 = Debug|Any CPU
		{0A748986-CFCE-4D39-BDC9-4A318C5C10E2}.Release|Any CPU.ActiveCfg = Release|Any CPU
		{0A748986-CFCE-4D39-BDC9-4A318C5C10E2}.Release|Any CPU.Build.0 = Release|Any CPU
		{11272D5C-338E-46AB-89C9-E86536989FED}.Debug|Any CPU.ActiveCfg = Debug|Any CPU
		{11272D5C-338E-46AB-89C9-E86536989FED}.Debug|Any CPU.Build.0 = Debug|Any CPU
		{11272D5C-338E-46AB-89C9-E86536989FED}.Release|Any CPU.ActiveCfg = Release|Any CPU
		{11272D5C-338E-46AB-89C9-E86536989FED}.Release|Any CPU.Build.0 = Release|Any CPU
		{10734DC9-80A8-45D6-8B6A-ACF8D3393DC7}.Debug|Any CPU.ActiveCfg = Debug|Any CPU
		{10734DC9-80A8-45D6-8B6A-ACF8D3393DC7}.Debug|Any CPU.Build.0 = Debug|Any CPU
		{10734DC9-80A8-45D6-8B6A-ACF8D3393DC7}.Release|Any CPU.ActiveCfg = Release|Any CPU
		{10734DC9-80A8-45D6-8B6A-ACF8D3393DC7}.Release|Any CPU.Build.0 = Release|Any CPU
		{DDADDFAB-ADB7-43FE-9B85-20510AD921CB}.Debug|Any CPU.ActiveCfg = Debug|Any CPU
		{DDADDFAB-ADB7-43FE-9B85-20510AD921CB}.Debug|Any CPU.Build.0 = Debug|Any CPU
		{DDADDFAB-ADB7-43FE-9B85-20510AD921CB}.Release|Any CPU.ActiveCfg = Release|Any CPU
		{DDADDFAB-ADB7-43FE-9B85-20510AD921CB}.Release|Any CPU.Build.0 = Release|Any CPU
		{423B863C-AB48-4251-B43D-0112AC33E78A}.Debug|Any CPU.ActiveCfg = Debug|Any CPU
		{423B863C-AB48-4251-B43D-0112AC33E78A}.Debug|Any CPU.Build.0 = Debug|Any CPU
		{423B863C-AB48-4251-B43D-0112AC33E78A}.Release|Any CPU.ActiveCfg = Release|Any CPU
		{423B863C-AB48-4251-B43D-0112AC33E78A}.Release|Any CPU.Build.0 = Release|Any CPU
		{40F7DD21-AD4C-41A8-BA1A-472398FE59EA}.Debug|Any CPU.ActiveCfg = Debug|Any CPU
		{40F7DD21-AD4C-41A8-BA1A-472398FE59EA}.Debug|Any CPU.Build.0 = Debug|Any CPU
		{40F7DD21-AD4C-41A8-BA1A-472398FE59EA}.Release|Any CPU.ActiveCfg = Release|Any CPU
		{40F7DD21-AD4C-41A8-BA1A-472398FE59EA}.Release|Any CPU.Build.0 = Release|Any CPU
		{FBD7D5C7-C82F-44A3-A296-1A28630ECBC3}.Debug|Any CPU.ActiveCfg = Debug|Any CPU
		{FBD7D5C7-C82F-44A3-A296-1A28630ECBC3}.Debug|Any CPU.Build.0 = Debug|Any CPU
		{FBD7D5C7-C82F-44A3-A296-1A28630ECBC3}.Release|Any CPU.ActiveCfg = Release|Any CPU
		{FBD7D5C7-C82F-44A3-A296-1A28630ECBC3}.Release|Any CPU.Build.0 = Release|Any CPU
		{10799944-A18C-46F5-8CF2-2BBB9A51D65B}.Debug|Any CPU.ActiveCfg = Debug|Any CPU
		{10799944-A18C-46F5-8CF2-2BBB9A51D65B}.Debug|Any CPU.Build.0 = Debug|Any CPU
		{10799944-A18C-46F5-8CF2-2BBB9A51D65B}.Release|Any CPU.ActiveCfg = Release|Any CPU
		{10799944-A18C-46F5-8CF2-2BBB9A51D65B}.Release|Any CPU.Build.0 = Release|Any CPU
		{540D2371-5E47-4138-8FCB-5247C1D4D793}.Debug|Any CPU.ActiveCfg = Debug|Any CPU
		{540D2371-5E47-4138-8FCB-5247C1D4D793}.Debug|Any CPU.Build.0 = Debug|Any CPU
		{540D2371-5E47-4138-8FCB-5247C1D4D793}.Release|Any CPU.ActiveCfg = Release|Any CPU
		{540D2371-5E47-4138-8FCB-5247C1D4D793}.Release|Any CPU.Build.0 = Release|Any CPU
	EndGlobalSection
	GlobalSection(SolutionProperties) = preSolution
		HideSolutionNode = FALSE
	EndGlobalSection
	GlobalSection(ExtensibilityGlobals) = postSolution
		SolutionGuid = {61DE45A1-87FF-401B-985F-400072E08696}
	EndGlobalSection
EndGlobal
