
Microsoft Visual Studio Solution File, Format Version 12.00
# Visual Studio Version 17
VisualStudioVersion = 17.14.36212.18
MinimumVisualStudioVersion = 10.0.40219.1
Project("{FAE04EC0-301F-11D3-BF4B-00C04F79EFBC}") = "Task2_2", "Task2_2\Task2_2.csproj", "{1340982E-ED2F-48BF-A4F9-F750959E7063}"
EndProject
Project("{FAE04EC0-301F-11D3-BF4B-00C04F79EFBC}") = "Task2_3", "Task2_3\Task2_3.csproj", "{C4FF03F3-6F40-4D70-A6C4-19F3C8374582}"
EndProject
Project("{FAE04EC0-301F-11D3-BF4B-00C04F79EFBC}") = "Task2_4", "Task2_4\Task2_4.csproj", "{15AE0F6E-2254-46D9-A075-CF5D8EB626BB}"
EndProject
Project("{FAE04EC0-301F-11D3-BF4B-00C04F79EFBC}") = "Task2_1", "Task2_1\Task2_1.csproj", "{9D13AC91-AB43-4AD4-BB79-3C801B307F05}"
EndProject
Project("{FAE04EC0-301F-11D3-BF4B-00C04F79EFBC}") = "Task2_5", "Task2_5\Task2_5.csproj", "{086D8ED0-9527-40E9-9B6A-4586531255F0}"
EndProject
Project("{FAE04EC0-301F-11D3-BF4B-00C04F79EFBC}") = "Task2_6", "Task2_6\Task2_6.csproj", "{CA2BFC2C-4CBA-429F-BD85-07EB1487A87F}"
EndProject
Project("{FAE04EC0-301F-11D3-BF4B-00C04F79EFBC}") = "ClassWork3_1", "ClassWork3_1\ClassWork3_1.csproj", "{E8FE7806-4273-47EF-809F-6648D6591E05}"
EndProject
Project("{FAE04EC0-301F-11D3-BF4B-00C04F79EFBC}") = "ClassWokr3_2", "ClassWokr3_2\ClassWokr3_2.csproj", "{76B7883A-F64F-4E2B-86BA-7D40242857FF}"
EndProject
Project("{FAE04EC0-301F-11D3-BF4B-00C04F79EFBC}") = "ClassWork3_3", "ClassWork3_3\ClassWork3_3.csproj", "{7E3D5B73-4C71-4628-9AC0-53CCD990A31A}"
EndProject
Global
	GlobalSection(SolutionConfigurationPlatforms) = preSolution
		Debug|Any CPU = Debug|Any CPU
		Release|Any CPU = Release|Any CPU
	EndGlobalSection
	GlobalSection(ProjectConfigurationPlatforms) = postSolution
		{1340982E-ED2F-48BF-A4F9-F750959E7063}.Debug|Any CPU.ActiveCfg = Debug|Any CPU
		{1340982E-ED2F-48BF-A4F9-F750959E7063}.Debug|Any CPU.Build.0 = Debug|Any CPU
		{1340982E-ED2F-48BF-A4F9-F750959E7063}.Release|Any CPU.ActiveCfg = Release|Any CPU
		{1340982E-ED2F-48BF-A4F9-F750959E7063}.Release|Any CPU.Build.0 = Release|Any CPU
		{C4FF03F3-6F40-4D70-A6C4-19F3C8374582}.Debug|Any CPU.ActiveCfg = Debug|Any CPU
		{C4FF03F3-6F40-4D70-A6C4-19F3C8374582}.Debug|Any CPU.Build.0 = Debug|Any CPU
		{C4FF03F3-6F40-4D70-A6C4-19F3C8374582}.Release|Any CPU.ActiveCfg = Release|Any CPU
		{C4FF03F3-6F40-4D70-A6C4-19F3C8374582}.Release|Any CPU.Build.0 = Release|Any CPU
		{15AE0F6E-2254-46D9-A075-CF5D8EB626BB}.Debug|Any CPU.ActiveCfg = Debug|Any CPU
		{15AE0F6E-2254-46D9-A075-CF5D8EB626BB}.Debug|Any CPU.Build.0 = Debug|Any CPU
		{15AE0F6E-2254-46D9-A075-CF5D8EB626BB}.Release|Any CPU.ActiveCfg = Release|Any CPU
		{15AE0F6E-2254-46D9-A075-CF5D8EB626BB}.Release|Any CPU.Build.0 = Release|Any CPU
		{9D13AC91-AB43-4AD4-BB79-3C801B307F05}.Debug|Any CPU.ActiveCfg = Debug|Any CPU
		{9D13AC91-AB43-4AD4-BB79-3C801B307F05}.Debug|Any CPU.Build.0 = Debug|Any CPU
		{9D13AC91-AB43-4AD4-BB79-3C801B307F05}.Release|Any CPU.ActiveCfg = Release|Any CPU
		{9D13AC91-AB43-4AD4-BB79-3C801B307F05}.Release|Any CPU.Build.0 = Release|Any CPU
		{086D8ED0-9527-40E9-9B6A-4586531255F0}.Debug|Any CPU.ActiveCfg = Debug|Any CPU
		{086D8ED0-9527-40E9-9B6A-4586531255F0}.Debug|Any CPU.Build.0 = Debug|Any CPU
		{086D8ED0-9527-40E9-9B6A-4586531255F0}.Release|Any CPU.ActiveCfg = Release|Any CPU
		{086D8ED0-9527-40E9-9B6A-4586531255F0}.Release|Any CPU.Build.0 = Release|Any CPU
		{CA2BFC2C-4CBA-429F-BD85-07EB1487A87F}.Debug|Any CPU.ActiveCfg = Debug|Any CPU
		{CA2BFC2C-4CBA-429F-BD85-07EB1487A87F}.Debug|Any CPU.Build.0 = Debug|Any CPU
		{CA2BFC2C-4CBA-429F-BD85-07EB1487A87F}.Release|Any CPU.ActiveCfg = Release|Any CPU
		{CA2BFC2C-4CBA-429F-BD85-07EB1487A87F}.Release|Any CPU.Build.0 = Release|Any CPU
		{E8FE7806-4273-47EF-809F-6648D6591E05}.Debug|Any CPU.ActiveCfg = Debug|Any CPU
		{E8FE7806-4273-47EF-809F-6648D6591E05}.Debug|Any CPU.Build.0 = Debug|Any CPU
		{E8FE7806-4273-47EF-809F-6648D6591E05}.Release|Any CPU.ActiveCfg = Release|Any CPU
		{E8FE7806-4273-47EF-809F-6648D6591E05}.Release|Any CPU.Build.0 = Release|Any CPU
		{76B7883A-F64F-4E2B-86BA-7D40242857FF}.Debug|Any CPU.ActiveCfg = Debug|Any CPU
		{76B7883A-F64F-4E2B-86BA-7D40242857FF}.Debug|Any CPU.Build.0 = Debug|Any CPU
		{76B7883A-F64F-4E2B-86BA-7D40242857FF}.Release|Any CPU.ActiveCfg = Release|Any CPU
		{76B7883A-F64F-4E2B-86BA-7D40242857FF}.Release|Any CPU.Build.0 = Release|Any CPU
		{7E3D5B73-4C71-4628-9AC0-53CCD990A31A}.Debug|Any CPU.ActiveCfg = Debug|Any CPU
		{7E3D5B73-4C71-4628-9AC0-53CCD990A31A}.Debug|Any CPU.Build.0 = Debug|Any CPU
		{7E3D5B73-4C71-4628-9AC0-53CCD990A31A}.Release|Any CPU.ActiveCfg = Release|Any CPU
		{7E3D5B73-4C71-4628-9AC0-53CCD990A31A}.Release|Any CPU.Build.0 = Release|Any CPU
	EndGlobalSection
	GlobalSection(SolutionProperties) = preSolution
		HideSolutionNode = FALSE
	EndGlobalSection
	GlobalSection(ExtensibilityGlobals) = postSolution
		SolutionGuid = {61DE45A1-87FF-401B-985F-400072E08696}
	EndGlobalSection
EndGlobal
